{
  "nodes": {
    "homeManager": {
      "inputs": {
        "nixpkgs": [
          "nixpkgs"
        ]
      },
      "locked": {
        "lastModified": 1622917919,
        "narHash": "sha256-9gAIwbQyLhK78bEV648k4tfLK6JkYiPk9QdTECpLuOE=",
        "owner": "nix-community",
        "repo": "home-manager",
        "rev": "148d85ee8303444fb0116943787aa0b1b25f94df",
        "type": "github"
      },
      "original": {
        "owner": "nix-community",
        "ref": "release-21.05",
        "repo": "home-manager",
        "type": "github"
      }
    },
    "nixosHardware": {
      "locked": {
        "lastModified": 1623569835,
        "narHash": "sha256-Mg+FN1JkEQ91Zff0+ot/ndRgD9BB+uDBLN12AcBYkSA=",
        "owner": "NixOS",
        "repo": "nixos-hardware",
        "rev": "7305b276c90cfd3ad0a2452101a49c0b52c784c0",
        "type": "github"
      },
      "original": {
        "owner": "NixOS",
        "repo": "nixos-hardware",
        "type": "github"
      }
    },
    "nixpkgs": {
      "locked": {
        "lastModified": 1623617138,
        "narHash": "sha256-zd03k0aZWdE+JjZjVbsQGCKmc1C4HIwIbW7MbI9ym6s=",
        "owner": "NixOS",
        "repo": "nixpkgs",
        "rev": "93963c27b934f24289a94b9e3784d60a9b77e92c",
        "type": "github"
      },
      "original": {
        "owner": "NixOS",
        "ref": "release-21.05",
        "repo": "nixpkgs",
        "type": "github"
      }
    },
    "root": {
      "inputs": {
        "homeManager": "homeManager",
        "nixosHardware": "nixosHardware",
        "nixpkgs": "nixpkgs"
      }
    }
  },
  "root": "root",
  "version": 7
}
